// !$*UTF8*$!
{
	archiveVersion = 1;
	classes = {
	};
	objectVersion = 46;
	objects = {

/* Begin PBXBuildFile section */
		128A934C1D8B3AC4007014FB /* main.m in Sources */ = {isa = PBXBuildFile; fileRef = 128A934B1D8B3AC4007014FB /* main.m */; };
		128A93541D8B3AE6007014FB /* BNRPerson.m in Sources */ = {isa = PBXBuildFile; fileRef = 128A93531D8B3AE6007014FB /* BNRPerson.m */; };
/* End PBXBuildFile section */

/* Begin PBXCopyFilesBuildPhase section */
		128A93461D8B3AC4007014FB /* CopyFiles */ = {
			isa = PBXCopyFilesBuildPhase;
			buildActionMask = 2147483647;
			dstPath = /usr/share/man/man1/;
			dstSubfolderSpec = 0;
			files = (
			);
			runOnlyForDeploymentPostprocessing = 1;
		};
/* End PBXCopyFilesBuildPhase section */

/* Begin PBXFileReference section */
		128A93481D8B3AC4007014FB /* BMITime */ = {isa = PBXFileReference; explicitFileType = "compiled.mach-o.executable"; includeInIndex = 0; path = BMITime; sourceTree = BUILT_PRODUCTS_DIR; };
		128A934B1D8B3AC4007014FB /* main.m */ = {isa = PBXFileReference; lastKnownFileType = sourcecode.c.objc; path = main.m; sourceTree = "<group>"; };
		128A93521D8B3AE6007014FB /* BNRPerson.h */ = {isa = PBXFileReference; fileEncoding = 4; lastKnownFileType = sourcecode.c.h; path = BNRPerson.h; sourceTree = "<group>"; };
		128A93531D8B3AE6007014FB /* BNRPerson.m */ = {isa = PBXFileReference; fileEncoding = 4; lastKnownFileType = sourcecode.c.objc; path = BNRPerson.m; sourceTree = "<group>"; };
/* End PBXFileReference section */

/* Begin PBXFrameworksBuildPhase section */
		128A93451D8B3AC4007014FB /* Frameworks */ = {
			isa = PBXFrameworksBuildPhase;
			buildActionMask = 2147483647;
			files = (
			);
			runOnlyForDeploymentPostprocessing = 0;
		};
/* End PBXFrameworksBuildPhase section */

/* Begin PBXGroup section */
		128A933F1D8B3AC4007014FB = {
			isa = PBXGroup;
			children = (
				128A934A1D8B3AC4007014FB /* BMITime */,
				128A93491D8B3AC4007014FB /* Products */,
			);
			sourceTree = "<group>";
		};
		128A93491D8B3AC4007014FB /* Products */ = {
			isa = PBXGroup;
			children = (
				128A93481D8B3AC4007014FB /* BMITime */,
			);
			name = Products;
			sourceTree = "<group>";
		};
		128A934A1D8B3AC4007014FB /* BMITime */ = {
			isa = PBXGroup;
			children = (
				128A934B1D8B3AC4007014FB /* main.m */,
				128A93521D8B3AE6007014FB /* BNRPerson.h */,
				128A93531D8B3AE6007014FB /* BNRPerson.m */,
			);
			path = BMITime;
			sourceTree = "<group>";
		};
/* End PBXGroup section */

/* Begin PBXNativeTarget section */
		128A93471D8B3AC4007014FB /* BMITime */ = {
			isa = PBXNativeTarget;
			buildConfigurationList = 128A934F1D8B3AC4007014FB /* Build configuration list for PBXNativeTarget "BMITime" */;
			buildPhases = (
				128A93441D8B3AC4007014FB /* Sources */,
				128A93451D8B3AC4007014FB /* Frameworks */,
				128A93461D8B3AC4007014FB /* CopyFiles */,
			);
			buildRules = (
			);
			dependencies = (
			);
			name = BMITime;
			productName = BMITime;
			productReference = 128A93481D8B3AC4007014FB /* BMITime */;
			productType = "com.apple.product-type.tool";
		};
/* End PBXNativeTarget section */

/* Begin PBXProject section */
		128A93401D8B3AC4007014FB /* Project object */ = {
			isa = PBXProject;
			attributes = {
				LastUpgradeCheck = 0800;
				ORGANIZATIONNAME = Codepath;
				TargetAttributes = {
					128A93471D8B3AC4007014FB = {
						CreatedOnToolsVersion = 8.0;
						DevelopmentTeam = KS324QRVGB;
						ProvisioningStyle = Automatic;
					};
				};
			};
			buildConfigurationList = 128A93431D8B3AC4007014FB /* Build configuration list for PBXProject "BMITime" */;
			compatibilityVersion = "Xcode 3.2";
			developmentRegion = English;
			hasScannedForEncodings = 0;
			knownRegions = (
				en,
			);
			mainGroup = 128A933F1D8B3AC4007014FB;
			productRefGroup = 128A93491D8B3AC4007014FB /* Products */;
			projectDirPath = "";
			projectRoot = "";
			targets = (
				128A93471D8B3AC4007014FB /* BMITime */,
			);
		};
/* End PBXProject section */

/* Begin PBXSourcesBuildPhase section */
		128A93441D8B3AC4007014FB /* Sources */ = {
			isa = PBXSourcesBuildPhase;
			buildActionMask = 2147483647;
			files = (
				128A934C1D8B3AC4007014FB /* main.m in Sources */,
				128A93541D8B3AE6007014FB /* BNRPerson.m in Sources */,
			);
			runOnlyForDeploymentPostprocessing = 0;
		};
/* End PBXSourcesBuildPhase section */

/* Begin XCBuildConfiguration section */
		128A934D1D8B3AC4007014FB /* Debug */ = {
			isa = XCBuildConfiguration;
			buildSettings = {
				ALWAYS_SEARCH_USER_PATHS = NO;
				CLANG_ANALYZER_NONNULL = YES;
				CLANG_CXX_LANGUAGE_STANDARD = "gnu++0x";
				CLANG_CXX_LIBRARY = "libc++";
				CLANG_ENABLE_MODULES = YES;
				CLANG_ENABLE_OBJC_ARC = YES;
				CLANG_WARN_BOOL_CONVERSION = YES;
				CLANG_WARN_CONSTANT_CONVERSION = YES;
				CLANG_WARN_DIRECT_OBJC_ISA_USAGE = YES_ERROR;
				CLANG_WARN_DOCUMENTATION_COMMENTS = YES;
				CLANG_WARN_EMPTY_BODY = YES;
				CLANG_WARN_ENUM_CONVERSION = YES;
				CLANG_WARN_INFINITE_RECURSION = YES;
				CLANG_WARN_INT_CONVERSION = YES;
				CLANG_WARN_OBJC_ROOT_CLASS = YES_ERROR;
				CLANG_WARN_SUSPICIOUS_MOVES = YES;
				CLANG_WARN_UNREACHABLE_CODE = YES;
				CLANG_WARN__DUPLICATE_METHOD_MATCH = YES;
				CODE_SIGN_IDENTITY = "-";
				COPY_PHASE_STRIP = NO;
				DEBUG_INFORMATION_FORMAT = dwarf;
				ENABLE_STRICT_OBJC_MSGSEND = YES;
				ENABLE_TESTABILITY = YES;
				GCC_C_LANGUAGE_STANDARD = gnu99;
				GCC_DYNAMIC_NO_PIC = NO;
				GCC_NO_COMMON_BLOCKS = YES;
				GCC_OPTIMIZATION_LEVEL = 0;
				GCC_PREPROCESSOR_DEFINITIONS = (
					"DEBUG=1",
					"$(inherited)",
				);
				GCC_WARN_64_TO_32_BIT_CONVERSION = YES;
				GCC_WARN_ABOUT_RETURN_TYPE = YES_ERROR;
				GCC_WARN_UNDECLARED_SELECTOR = YES;
				GCC_WARN_UNINITIALIZED_AUTOS = YES_AGGRESSIVE;
				GCC_WARN_UNUSED_FUNCTION = YES;
				GCC_WARN_UNUSED_VARIABLE = YES;
				MACOSX_DEPLOYMENT_TARGET = 10.11;
				MTL_ENABLE_DEBUG_INFO = YES;
				ONLY_ACTIVE_ARCH = YES;
				SDKROOT = macosx;
			};
			name = Debug;
		};
		128A934E1D8B3AC4007014FB /* Release */ = {
			isa = XCBuildConfiguration;
			buildSettings = {
				ALWAYS_SEARCH_USER_PATHS = NO;
				CLANG_ANALYZER_NONNULL = YES;
				CLANG_CXX_LANGUAGE_STANDARD = "gnu++0x";
				CLANG_CXX_LIBRARY = "libc++";
				CLANG_ENABLE_MODULES = YES;
				CLANG_ENABLE_OBJC_ARC = YES;
				CLANG_WARN_BOOL_CONVERSION = YES;
				CLANG_WARN_CONSTANT_CONVERSION = YES;
				CLANG_WARN_DIRECT_OBJC_ISA_USAGE = YES_ERROR;
				CLANG_WARN_DOCUMENTATION_COMMENTS = YES;
				CLANG_WARN_EMPTY_BODY = YES;
				CLANG_WARN_ENUM_CONVERSION = YES;
				CLANG_WARN_INFINITE_RECURSION = YES;
				CLANG_WARN_INT_CONVERSION = YES;
				CLANG_WARN_OBJC_ROOT_CLASS = YES_ERROR;
				CLANG_WARN_SUSPICIOUS_MOVES = YES;
				CLANG_WARN_UNREACHABLE_CODE = YES;
				CLANG_WARN__DUPLICATE_METHOD_MATCH = YES;
				CODE_SIGN_IDENTITY = "-";
				COPY_PHASE_STRIP = NO;
				DEBUG_INFORMATION_FORMAT = "dwarf-with-dsym";
				ENABLE_NS_ASSERTIONS = NO;
				ENABLE_STRICT_OBJC_MSGSEND = YES;
				GCC_C_LANGUAGE_STANDARD = gnu99;
				GCC_NO_COMMON_BLOCKS = YES;
				GCC_WARN_64_TO_32_BIT_CONVERSION = YES;
				GCC_WARN_ABOUT_RETURN_TYPE = YES_ERROR;
				GCC_WARN_UNDECLARED_SELECTOR = YES;
				GCC_WARN_UNINITIALIZED_AUTOS = YES_AGGRESSIVE;
				GCC_WARN_UNUSED_FUNCTION = YES;
				GCC_WARN_UNUSED_VARIABLE = YES;
				MACOSX_DEPLOYMENT_TARGET = 10.11;
				MTL_ENABLE_DEBUG_INFO = NO;
				SDKROOT = macosx;
			};
			name = Release;
		};
		128A93501D8B3AC4007014FB /* Debug */ = {
			isa = XCBuildConfiguration;
			buildSettings = {
				DEVELOPMENT_TEAM = KS324QRVGB;
				PRODUCT_NAME = "$(TARGET_NAME)";
			};
			name = Debug;
		};
		128A93511D8B3AC4007014FB /* Release */ = {
			isa = XCBuildConfiguration;
			buildSettings = {
				DEVELOPMENT_TEAM = KS324QRVGB;
				PRODUCT_NAME = "$(TARGET_NAME)";
			};
			name = Release;
		};
/* End XCBuildConfiguration section */

/* Begin XCConfigurationList section */
		128A93431D8B3AC4007014FB /* Build configuration list for PBXProject "BMITime" */ = {
			isa = XCConfigurationList;
			buildConfigurations = (
				128A934D1D8B3AC4007014FB /* Debug */,
				128A934E1D8B3AC4007014FB /* Release */,
			);
			defaultConfigurationIsVisible = 0;
			defaultConfigurationName = Release;
		};
		128A934F1D8B3AC4007014FB /* Build configuration list for PBXNativeTarget "BMITime" */ = {
			isa = XCConfigurationList;
			buildConfigurations = (
				128A93501D8B3AC4007014FB /* Debug */,
				128A93511D8B3AC4007014FB /* Release */,
			);
			defaultConfigurationIsVisible = 0;
		};
/* End XCConfigurationList section */
	};
	rootObject = 128A93401D8B3AC4007014FB /* Project object */;
}
