// !$*UTF8*$!
{
	archiveVersion = 1;
	classes = {
	};
	objectVersion = 46;
	objects = {

/* Begin PBXBuildFile section */
		123FF7AE1D90ED320070D138 /* main.m in Sources */ = {isa = PBXBuildFile; fileRef = 123FF7AD1D90ED320070D138 /* main.m */; };
		124E34501D91C448003EDCB3 /* Blender.m in Sources */ = {isa = PBXBuildFile; fileRef = 124E344F1D91C448003EDCB3 /* Blender.m */; };
/* End PBXBuildFile section */

/* Begin PBXCopyFilesBuildPhase section */
		123FF7A81D90ED320070D138 /* CopyFiles */ = {
			isa = PBXCopyFilesBuildPhase;
			buildActionMask = 2147483647;
			dstPath = /usr/share/man/man1/;
			dstSubfolderSpec = 0;
			files = (
			);
			runOnlyForDeploymentPostprocessing = 1;
		};
/* End PBXCopyFilesBuildPhase section */

/* Begin PBXFileReference section */
		123FF7AA1D90ED320070D138 /* Constants */ = {isa = PBXFileReference; explicitFileType = "compiled.mach-o.executable"; includeInIndex = 0; path = Constants; sourceTree = BUILT_PRODUCTS_DIR; };
		123FF7AD1D90ED320070D138 /* main.m */ = {isa = PBXFileReference; lastKnownFileType = sourcecode.c.objc; path = main.m; sourceTree = "<group>"; };
		124E344E1D91C448003EDCB3 /* Blender.h */ = {isa = PBXFileReference; fileEncoding = 4; lastKnownFileType = sourcecode.c.h; path = Blender.h; sourceTree = "<group>"; };
		124E344F1D91C448003EDCB3 /* Blender.m */ = {isa = PBXFileReference; fileEncoding = 4; lastKnownFileType = sourcecode.c.objc; path = Blender.m; sourceTree = "<group>"; };
/* End PBXFileReference section */

/* Begin PBXFrameworksBuildPhase section */
		123FF7A71D90ED320070D138 /* Frameworks */ = {
			isa = PBXFrameworksBuildPhase;
			buildActionMask = 2147483647;
			files = (
			);
			runOnlyForDeploymentPostprocessing = 0;
		};
/* End PBXFrameworksBuildPhase section */

/* Begin PBXGroup section */
		123FF7A11D90ED320070D138 = {
			isa = PBXGroup;
			children = (
				123FF7AC1D90ED320070D138 /* Constants */,
				123FF7AB1D90ED320070D138 /* Products */,
			);
			sourceTree = "<group>";
		};
		123FF7AB1D90ED320070D138 /* Products */ = {
			isa = PBXGroup;
			children = (
				123FF7AA1D90ED320070D138 /* Constants */,
			);
			name = Products;
			sourceTree = "<group>";
		};
		123FF7AC1D90ED320070D138 /* Constants */ = {
			isa = PBXGroup;
			children = (
				123FF7AD1D90ED320070D138 /* main.m */,
				124E344E1D91C448003EDCB3 /* Blender.h */,
				124E344F1D91C448003EDCB3 /* Blender.m */,
			);
			path = Constants;
			sourceTree = "<group>";
		};
/* End PBXGroup section */

/* Begin PBXNativeTarget section */
		123FF7A91D90ED320070D138 /* Constants */ = {
			isa = PBXNativeTarget;
			buildConfigurationList = 123FF7B11D90ED320070D138 /* Build configuration list for PBXNativeTarget "Constants" */;
			buildPhases = (
				123FF7A61D90ED320070D138 /* Sources */,
				123FF7A71D90ED320070D138 /* Frameworks */,
				123FF7A81D90ED320070D138 /* CopyFiles */,
			);
			buildRules = (
			);
			dependencies = (
			);
			name = Constants;
			productName = Constants;
			productReference = 123FF7AA1D90ED320070D138 /* Constants */;
			productType = "com.apple.product-type.tool";
		};
/* End PBXNativeTarget section */

/* Begin PBXProject section */
		123FF7A21D90ED320070D138 /* Project object */ = {
			isa = PBXProject;
			attributes = {
				LastUpgradeCheck = 0800;
				ORGANIZATIONNAME = Codepath;
				TargetAttributes = {
					123FF7A91D90ED320070D138 = {
						CreatedOnToolsVersion = 8.0;
						DevelopmentTeam = KS324QRVGB;
						ProvisioningStyle = Automatic;
					};
				};
			};
			buildConfigurationList = 123FF7A51D90ED320070D138 /* Build configuration list for PBXProject "Constants" */;
			compatibilityVersion = "Xcode 3.2";
			developmentRegion = English;
			hasScannedForEncodings = 0;
			knownRegions = (
				en,
			);
			mainGroup = 123FF7A11D90ED320070D138;
			productRefGroup = 123FF7AB1D90ED320070D138 /* Products */;
			projectDirPath = "";
			projectRoot = "";
			targets = (
				123FF7A91D90ED320070D138 /* Constants */,
			);
		};
/* End PBXProject section */

/* Begin PBXSourcesBuildPhase section */
		123FF7A61D90ED320070D138 /* Sources */ = {
			isa = PBXSourcesBuildPhase;
			buildActionMask = 2147483647;
			files = (
				124E34501D91C448003EDCB3 /* Blender.m in Sources */,
				123FF7AE1D90ED320070D138 /* main.m in Sources */,
			);
			runOnlyForDeploymentPostprocessing = 0;
		};
/* End PBXSourcesBuildPhase section */

/* Begin XCBuildConfiguration section */
		123FF7AF1D90ED320070D138 /* Debug */ = {
			isa = XCBuildConfiguration;
			buildSettings = {
				ALWAYS_SEARCH_USER_PATHS = NO;
				CLANG_ANALYZER_NONNULL = YES;
				CLANG_CXX_LANGUAGE_STANDARD = "gnu++0x";
				CLANG_CXX_LIBRARY = "libc++";
				CLANG_ENABLE_MODULES = YES;
				CLANG_ENABLE_OBJC_ARC = YES;
				CLANG_WARN_BOOL_CONVERSION = YES;
				CLANG_WARN_CONSTANT_CONVERSION = YES;
				CLANG_WARN_DIRECT_OBJC_ISA_USAGE = YES_ERROR;
				CLANG_WARN_DOCUMENTATION_COMMENTS = YES;
				CLANG_WARN_EMPTY_BODY = YES;
				CLANG_WARN_ENUM_CONVERSION = YES;
				CLANG_WARN_INFINITE_RECURSION = YES;
				CLANG_WARN_INT_CONVERSION = YES;
				CLANG_WARN_OBJC_ROOT_CLASS = YES_ERROR;
				CLANG_WARN_SUSPICIOUS_MOVES = YES;
				CLANG_WARN_UNREACHABLE_CODE = YES;
				CLANG_WARN__DUPLICATE_METHOD_MATCH = YES;
				CODE_SIGN_IDENTITY = "-";
				COPY_PHASE_STRIP = NO;
				DEBUG_INFORMATION_FORMAT = dwarf;
				ENABLE_STRICT_OBJC_MSGSEND = YES;
				ENABLE_TESTABILITY = YES;
				GCC_C_LANGUAGE_STANDARD = gnu99;
				GCC_DYNAMIC_NO_PIC = NO;
				GCC_NO_COMMON_BLOCKS = YES;
				GCC_OPTIMIZATION_LEVEL = 0;
				GCC_PREPROCESSOR_DEFINITIONS = (
					"DEBUG=1",
					"$(inherited)",
				);
				GCC_WARN_64_TO_32_BIT_CONVERSION = YES;
				GCC_WARN_ABOUT_RETURN_TYPE = YES_ERROR;
				GCC_WARN_UNDECLARED_SELECTOR = YES;
				GCC_WARN_UNINITIALIZED_AUTOS = YES_AGGRESSIVE;
				GCC_WARN_UNUSED_FUNCTION = YES;
				GCC_WARN_UNUSED_VARIABLE = YES;
				MACOSX_DEPLOYMENT_TARGET = 10.11;
				MTL_ENABLE_DEBUG_INFO = YES;
				ONLY_ACTIVE_ARCH = YES;
				SDKROOT = macosx;
			};
			name = Debug;
		};
		123FF7B01D90ED320070D138 /* Release */ = {
			isa = XCBuildConfiguration;
			buildSettings = {
				ALWAYS_SEARCH_USER_PATHS = NO;
				CLANG_ANALYZER_NONNULL = YES;
				CLANG_CXX_LANGUAGE_STANDARD = "gnu++0x";
				CLANG_CXX_LIBRARY = "libc++";
				CLANG_ENABLE_MODULES = YES;
				CLANG_ENABLE_OBJC_ARC = YES;
				CLANG_WARN_BOOL_CONVERSION = YES;
				CLANG_WARN_CONSTANT_CONVERSION = YES;
				CLANG_WARN_DIRECT_OBJC_ISA_USAGE = YES_ERROR;
				CLANG_WARN_DOCUMENTATION_COMMENTS = YES;
				CLANG_WARN_EMPTY_BODY = YES;
				CLANG_WARN_ENUM_CONVERSION = YES;
				CLANG_WARN_INFINITE_RECURSION = YES;
				CLANG_WARN_INT_CONVERSION = YES;
				CLANG_WARN_OBJC_ROOT_CLASS = YES_ERROR;
				CLANG_WARN_SUSPICIOUS_MOVES = YES;
				CLANG_WARN_UNREACHABLE_CODE = YES;
				CLANG_WARN__DUPLICATE_METHOD_MATCH = YES;
				CODE_SIGN_IDENTITY = "-";
				COPY_PHASE_STRIP = NO;
				DEBUG_INFORMATION_FORMAT = "dwarf-with-dsym";
				ENABLE_NS_ASSERTIONS = NO;
				ENABLE_STRICT_OBJC_MSGSEND = YES;
				GCC_C_LANGUAGE_STANDARD = gnu99;
				GCC_NO_COMMON_BLOCKS = YES;
				GCC_WARN_64_TO_32_BIT_CONVERSION = YES;
				GCC_WARN_ABOUT_RETURN_TYPE = YES_ERROR;
				GCC_WARN_UNDECLARED_SELECTOR = YES;
				GCC_WARN_UNINITIALIZED_AUTOS = YES_AGGRESSIVE;
				GCC_WARN_UNUSED_FUNCTION = YES;
				GCC_WARN_UNUSED_VARIABLE = YES;
				MACOSX_DEPLOYMENT_TARGET = 10.11;
				MTL_ENABLE_DEBUG_INFO = NO;
				SDKROOT = macosx;
			};
			name = Release;
		};
		123FF7B21D90ED320070D138 /* Debug */ = {
			isa = XCBuildConfiguration;
			buildSettings = {
				DEVELOPMENT_TEAM = KS324QRVGB;
				PRODUCT_NAME = "$(TARGET_NAME)";
			};
			name = Debug;
		};
		123FF7B31D90ED320070D138 /* Release */ = {
			isa = XCBuildConfiguration;
			buildSettings = {
				DEVELOPMENT_TEAM = KS324QRVGB;
				PRODUCT_NAME = "$(TARGET_NAME)";
			};
			name = Release;
		};
/* End XCBuildConfiguration section */

/* Begin XCConfigurationList section */
		123FF7A51D90ED320070D138 /* Build configuration list for PBXProject "Constants" */ = {
			isa = XCConfigurationList;
			buildConfigurations = (
				123FF7AF1D90ED320070D138 /* Debug */,
				123FF7B01D90ED320070D138 /* Release */,
			);
			defaultConfigurationIsVisible = 0;
			defaultConfigurationName = Release;
		};
		123FF7B11D90ED320070D138 /* Build configuration list for PBXNativeTarget "Constants" */ = {
			isa = XCConfigurationList;
			buildConfigurations = (
				123FF7B21D90ED320070D138 /* Debug */,
				123FF7B31D90ED320070D138 /* Release */,
			);
			defaultConfigurationIsVisible = 0;
			defaultConfigurationName = Release;
		};
/* End XCConfigurationList section */
	};
	rootObject = 123FF7A21D90ED320070D138 /* Project object */;
}
